
Microsoft Visual Studio Solution File, Format Version 12.00
# Visual Studio Version 16
VisualStudioVersion = 16.0.29306.81
MinimumVisualStudioVersion = 10.0.40219.1
Project("{FAE04EC0-301F-11D3-BF4B-00C04F79EFBC}") = "CREDIT CARD", "CREDIT CARD\CREDIT CARD.csproj", "{9721B9EF-5584-4B76-932F-4720117D7ED4}"
EndProject
Global
	GlobalSection(SolutionConfigurationPlatforms) = preSolution
		Debug|Any CPU = Debug|Any CPU
		Release|Any CPU = Release|Any CPU
	EndGlobalSection
	GlobalSection(ProjectConfigurationPlatforms) = postSolution
		{9721B9EF-5584-4B76-932F-4720117D7ED4}.Debug|Any CPU.ActiveCfg = Debug|Any CPU
		{9721B9EF-5584-4B76-932F-4720117D7ED4}.Debug|Any CPU.Build.0 = Debug|Any CPU
		{9721B9EF-5584-4B76-932F-4720117D7ED4}.Release|Any CPU.ActiveCfg = Release|Any CPU
		{9721B9EF-5584-4B76-932F-4720117D7ED4}.Release|Any CPU.Build.0 = Release|Any CPU
	EndGlobalSection
	GlobalSection(SolutionProperties) = preSolution
		HideSolutionNode = FALSE
	EndGlobalSection
	GlobalSection(ExtensibilityGlobals) = postSolution
		SolutionGuid = {F6336BDD-CC5C-4A0B-AE60-322249BCBD2F}
	EndGlobalSection
EndGlobal
